
Microsoft Visual Studio Solution File, Format Version 12.00
# Visual Studio Version 16
VisualStudioVersion = 16.0.29609.76
MinimumVisualStudioVersion = 10.0.40219.1
Project("{2150E333-8FDC-42A3-9474-1A3956D46DE8}") = "Tests", "Tests", "{2F9349B4-BAF0-46DD-929E-F1ED4880040A}"
EndProject
Project("{9A19103F-16F7-4668-BE54-9A1E7A4F7556}") = "slmm.LawnMowing.Api", "slmm.LawnMowing.Api\slmm.LawnMowing.Api.csproj", "{A60D3FC3-5B09-49B9-94FA-B4A45DE2C382}"
EndProject
Project("{9A19103F-16F7-4668-BE54-9A1E7A4F7556}") = "Slmm.FunctionalTests", "Slmm.FunctionalTests\Slmm.FunctionalTests.csproj", "{B3BB6972-E04E-41D6-9578-DFADADD12C75}"
EndProject
Project("{9A19103F-16F7-4668-BE54-9A1E7A4F7556}") = "Slmm.WebApplication", "Slmm.WebApplication\Slmm.WebApplication.csproj", "{D379BD8D-BB32-4365-8352-EEE1950A2F8C}"
EndProject
Project("{9A19103F-16F7-4668-BE54-9A1E7A4F7556}") = "SmartLawnMowing.Domain", "SmartLawnMowing.Domain\SmartLawnMowing.Domain.csproj", "{881F4A46-0457-467F-B202-5E01C22D993D}"
EndProject
Global
	GlobalSection(SolutionConfigurationPlatforms) = preSolution
		Debug|Any CPU = Debug|Any CPU
		Release|Any CPU = Release|Any CPU
	EndGlobalSection
	GlobalSection(ProjectConfigurationPlatforms) = postSolution
		{A60D3FC3-5B09-49B9-94FA-B4A45DE2C382}.Debug|Any CPU.ActiveCfg = Debug|Any CPU
		{A60D3FC3-5B09-49B9-94FA-B4A45DE2C382}.Debug|Any CPU.Build.0 = Debug|Any CPU
		{A60D3FC3-5B09-49B9-94FA-B4A45DE2C382}.Release|Any CPU.ActiveCfg = Release|Any CPU
		{A60D3FC3-5B09-49B9-94FA-B4A45DE2C382}.Release|Any CPU.Build.0 = Release|Any CPU
		{B3BB6972-E04E-41D6-9578-DFADADD12C75}.Debug|Any CPU.ActiveCfg = Debug|Any CPU
		{B3BB6972-E04E-41D6-9578-DFADADD12C75}.Debug|Any CPU.Build.0 = Debug|Any CPU
		{B3BB6972-E04E-41D6-9578-DFADADD12C75}.Release|Any CPU.ActiveCfg = Release|Any CPU
		{B3BB6972-E04E-41D6-9578-DFADADD12C75}.Release|Any CPU.Build.0 = Release|Any CPU
		{D379BD8D-BB32-4365-8352-EEE1950A2F8C}.Debug|Any CPU.ActiveCfg = Debug|Any CPU
		{D379BD8D-BB32-4365-8352-EEE1950A2F8C}.Debug|Any CPU.Build.0 = Debug|Any CPU
		{D379BD8D-BB32-4365-8352-EEE1950A2F8C}.Release|Any CPU.ActiveCfg = Release|Any CPU
		{D379BD8D-BB32-4365-8352-EEE1950A2F8C}.Release|Any CPU.Build.0 = Release|Any CPU
		{881F4A46-0457-467F-B202-5E01C22D993D}.Debug|Any CPU.ActiveCfg = Debug|Any CPU
		{881F4A46-0457-467F-B202-5E01C22D993D}.Debug|Any CPU.Build.0 = Debug|Any CPU
		{881F4A46-0457-467F-B202-5E01C22D993D}.Release|Any CPU.ActiveCfg = Release|Any CPU
		{881F4A46-0457-467F-B202-5E01C22D993D}.Release|Any CPU.Build.0 = Release|Any CPU
	EndGlobalSection
	GlobalSection(SolutionProperties) = preSolution
		HideSolutionNode = FALSE
	EndGlobalSection
	GlobalSection(NestedProjects) = preSolution
		{B3BB6972-E04E-41D6-9578-DFADADD12C75} = {2F9349B4-BAF0-46DD-929E-F1ED4880040A}
	EndGlobalSection
	GlobalSection(ExtensibilityGlobals) = postSolution
		SolutionGuid = {1381E45C-3F66-4B1B-AB21-2600DC0AE518}
	EndGlobalSection
EndGlobal
